
Microsoft Visual Studio Solution File, Format Version 12.00
# Visual Studio Version 16
VisualStudioVersion = 16.0.31624.102
MinimumVisualStudioVersion = 10.0.40219.1
Project("{FAE04EC0-301F-11D3-BF4B-00C04F79EFBC}") = "AbstractAndInterfaces", "AbstractAndInterfaces\AbstractAndInterfaces.csproj", "{AFC4A135-D95D-4B9A-B05B-D02B7DE64161}"
EndProject
Global
	GlobalSection(SolutionConfigurationPlatforms) = preSolution
		Debug|Any CPU = Debug|Any CPU
		Release|Any CPU = Release|Any CPU
	EndGlobalSection
	GlobalSection(ProjectConfigurationPlatforms) = postSolution
		{AFC4A135-D95D-4B9A-B05B-D02B7DE64161}.Debug|Any CPU.ActiveCfg = Debug|Any CPU
		{AFC4A135-D95D-4B9A-B05B-D02B7DE64161}.Debug|Any CPU.Build.0 = Debug|Any CPU
		{AFC4A135-D95D-4B9A-B05B-D02B7DE64161}.Release|Any CPU.ActiveCfg = Release|Any CPU
		{AFC4A135-D95D-4B9A-B05B-D02B7DE64161}.Release|Any CPU.Build.0 = Release|Any CPU
	EndGlobalSection
	GlobalSection(SolutionProperties) = preSolution
		HideSolutionNode = FALSE
	EndGlobalSection
	GlobalSection(ExtensibilityGlobals) = postSolution
		SolutionGuid = {0463BCCF-F6F7-46D2-9D6F-BFD28B1C412B}
	EndGlobalSection
EndGlobal
